
Microsoft Visual Studio Solution File, Format Version 12.00
# Visual Studio 15
VisualStudioVersion = 15.0.27703.2047
MinimumVisualStudioVersion = 10.0.40219.1
Project("{FAE04EC0-301F-11D3-BF4B-00C04F79EFBC}") = "IndoorNavigation.Android", "IndoorNavigation\IndoorNavigation.Android\IndoorNavigation.Android.csproj", "{E8303B8F-4DBE-4AD9-A5CC-8A1885CC0A21}"
EndProject
Project("{FAE04EC0-301F-11D3-BF4B-00C04F79EFBC}") = "IndoorNavigation.iOS", "IndoorNavigation\IndoorNavigation.iOS\IndoorNavigation.iOS.csproj", "{838E3226-4020-4B90-A20E-0166CB9B65B5}"
EndProject
Project("{9A19103F-16F7-4668-BE54-9A1E7A4F7556}") = "IndoorNavigation", "IndoorNavigation\IndoorNavigation\IndoorNavigation.csproj", "{36779A2B-18D9-4509-BAE5-01652A9D37E8}"
EndProject
Project("{FAE04EC0-301F-11D3-BF4B-00C04F79EFBC}") = "IndoorNavigationTest", "IndoorNavigationTest\IndoorNavigationTest.csproj", "{D49D50CB-1ECB-4E76-81FE-0B205DDAE0DD}"
EndProject
Global
	GlobalSection(SolutionConfigurationPlatforms) = preSolution
		Ad-Hoc|Any CPU = Ad-Hoc|Any CPU
		Ad-Hoc|iPhone = Ad-Hoc|iPhone
		Ad-Hoc|iPhoneSimulator = Ad-Hoc|iPhoneSimulator
		AppStore|Any CPU = AppStore|Any CPU
		AppStore|iPhone = AppStore|iPhone
		AppStore|iPhoneSimulator = AppStore|iPhoneSimulator
		Debug|Any CPU = Debug|Any CPU
		Debug|iPhone = Debug|iPhone
		Debug|iPhoneSimulator = Debug|iPhoneSimulator
		Release|Any CPU = Release|Any CPU
		Release|iPhone = Release|iPhone
		Release|iPhoneSimulator = Release|iPhoneSimulator
	EndGlobalSection
	GlobalSection(ProjectConfigurationPlatforms) = postSolution
		{E8303B8F-4DBE-4AD9-A5CC-8A1885CC0A21}.Ad-Hoc|Any CPU.ActiveCfg = Release|Any CPU
		{E8303B8F-4DBE-4AD9-A5CC-8A1885CC0A21}.Ad-Hoc|Any CPU.Build.0 = Release|Any CPU
		{E8303B8F-4DBE-4AD9-A5CC-8A1885CC0A21}.Ad-Hoc|Any CPU.Deploy.0 = Release|Any CPU
		{E8303B8F-4DBE-4AD9-A5CC-8A1885CC0A21}.Ad-Hoc|iPhone.ActiveCfg = Release|Any CPU
		{E8303B8F-4DBE-4AD9-A5CC-8A1885CC0A21}.Ad-Hoc|iPhone.Build.0 = Release|Any CPU
		{E8303B8F-4DBE-4AD9-A5CC-8A1885CC0A21}.Ad-Hoc|iPhone.Deploy.0 = Release|Any CPU
		{E8303B8F-4DBE-4AD9-A5CC-8A1885CC0A21}.Ad-Hoc|iPhoneSimulator.ActiveCfg = Release|Any CPU
		{E8303B8F-4DBE-4AD9-A5CC-8A1885CC0A21}.Ad-Hoc|iPhoneSimulator.Build.0 = Release|Any CPU
		{E8303B8F-4DBE-4AD9-A5CC-8A1885CC0A21}.Ad-Hoc|iPhoneSimulator.Deploy.0 = Release|Any CPU
		{E8303B8F-4DBE-4AD9-A5CC-8A1885CC0A21}.AppStore|Any CPU.ActiveCfg = Release|Any CPU
		{E8303B8F-4DBE-4AD9-A5CC-8A1885CC0A21}.AppStore|Any CPU.Build.0 = Release|Any CPU
		{E8303B8F-4DBE-4AD9-A5CC-8A1885CC0A21}.AppStore|Any CPU.Deploy.0 = Release|Any CPU
		{E8303B8F-4DBE-4AD9-A5CC-8A1885CC0A21}.AppStore|iPhone.ActiveCfg = Release|Any CPU
		{E8303B8F-4DBE-4AD9-A5CC-8A1885CC0A21}.AppStore|iPhone.Build.0 = Release|Any CPU
		{E8303B8F-4DBE-4AD9-A5CC-8A1885CC0A21}.AppStore|iPhone.Deploy.0 = Release|Any CPU
		{E8303B8F-4DBE-4AD9-A5CC-8A1885CC0A21}.AppStore|iPhoneSimulator.ActiveCfg = Release|Any CPU
		{E8303B8F-4DBE-4AD9-A5CC-8A1885CC0A21}.AppStore|iPhoneSimulator.Build.0 = Release|Any CPU
		{E8303B8F-4DBE-4AD9-A5CC-8A1885CC0A21}.AppStore|iPhoneSimulator.Deploy.0 = Release|Any CPU
		{E8303B8F-4DBE-4AD9-A5CC-8A1885CC0A21}.Debug|Any CPU.ActiveCfg = Debug|Any CPU
		{E8303B8F-4DBE-4AD9-A5CC-8A1885CC0A21}.Debug|Any CPU.Build.0 = Debug|Any CPU
		{E8303B8F-4DBE-4AD9-A5CC-8A1885CC0A21}.Debug|Any CPU.Deploy.0 = Debug|Any CPU
		{E8303B8F-4DBE-4AD9-A5CC-8A1885CC0A21}.Debug|iPhone.ActiveCfg = Debug|Any CPU
		{E8303B8F-4DBE-4AD9-A5CC-8A1885CC0A21}.Debug|iPhone.Build.0 = Debug|Any CPU
		{E8303B8F-4DBE-4AD9-A5CC-8A1885CC0A21}.Debug|iPhone.Deploy.0 = Debug|Any CPU
		{E8303B8F-4DBE-4AD9-A5CC-8A1885CC0A21}.Debug|iPhoneSimulator.ActiveCfg = Debug|Any CPU
		{E8303B8F-4DBE-4AD9-A5CC-8A1885CC0A21}.Debug|iPhoneSimulator.Build.0 = Debug|Any CPU
		{E8303B8F-4DBE-4AD9-A5CC-8A1885CC0A21}.Debug|iPhoneSimulator.Deploy.0 = Debug|Any CPU
		{E8303B8F-4DBE-4AD9-A5CC-8A1885CC0A21}.Release|Any CPU.ActiveCfg = Release|Any CPU
		{E8303B8F-4DBE-4AD9-A5CC-8A1885CC0A21}.Release|Any CPU.Build.0 = Release|Any CPU
		{E8303B8F-4DBE-4AD9-A5CC-8A1885CC0A21}.Release|Any CPU.Deploy.0 = Release|Any CPU
		{E8303B8F-4DBE-4AD9-A5CC-8A1885CC0A21}.Release|iPhone.ActiveCfg = Release|Any CPU
		{E8303B8F-4DBE-4AD9-A5CC-8A1885CC0A21}.Release|iPhone.Build.0 = Release|Any CPU
		{E8303B8F-4DBE-4AD9-A5CC-8A1885CC0A21}.Release|iPhone.Deploy.0 = Release|Any CPU
		{E8303B8F-4DBE-4AD9-A5CC-8A1885CC0A21}.Release|iPhoneSimulator.ActiveCfg = Release|Any CPU
		{E8303B8F-4DBE-4AD9-A5CC-8A1885CC0A21}.Release|iPhoneSimulator.Build.0 = Release|Any CPU
		{E8303B8F-4DBE-4AD9-A5CC-8A1885CC0A21}.Release|iPhoneSimulator.Deploy.0 = Release|Any CPU
		{838E3226-4020-4B90-A20E-0166CB9B65B5}.Ad-Hoc|Any CPU.ActiveCfg = Ad-Hoc|iPhone
		{838E3226-4020-4B90-A20E-0166CB9B65B5}.Ad-Hoc|Any CPU.Build.0 = Ad-Hoc|iPhone
		{838E3226-4020-4B90-A20E-0166CB9B65B5}.Ad-Hoc|Any CPU.Deploy.0 = Ad-Hoc|iPhone
		{838E3226-4020-4B90-A20E-0166CB9B65B5}.Ad-Hoc|iPhone.ActiveCfg = Ad-Hoc|iPhone
		{838E3226-4020-4B90-A20E-0166CB9B65B5}.Ad-Hoc|iPhone.Build.0 = Ad-Hoc|iPhone
		{838E3226-4020-4B90-A20E-0166CB9B65B5}.Ad-Hoc|iPhone.Deploy.0 = Ad-Hoc|iPhone
		{838E3226-4020-4B90-A20E-0166CB9B65B5}.Ad-Hoc|iPhoneSimulator.ActiveCfg = Ad-Hoc|iPhoneSimulator
		{838E3226-4020-4B90-A20E-0166CB9B65B5}.Ad-Hoc|iPhoneSimulator.Build.0 = Ad-Hoc|iPhoneSimulator
		{838E3226-4020-4B90-A20E-0166CB9B65B5}.Ad-Hoc|iPhoneSimulator.Deploy.0 = Ad-Hoc|iPhoneSimulator
		{838E3226-4020-4B90-A20E-0166CB9B65B5}.AppStore|Any CPU.ActiveCfg = AppStore|iPhone
		{838E3226-4020-4B90-A20E-0166CB9B65B5}.AppStore|Any CPU.Build.0 = AppStore|iPhone
		{838E3226-4020-4B90-A20E-0166CB9B65B5}.AppStore|Any CPU.Deploy.0 = AppStore|iPhone
		{838E3226-4020-4B90-A20E-0166CB9B65B5}.AppStore|iPhone.ActiveCfg = AppStore|iPhone
		{838E3226-4020-4B90-A20E-0166CB9B65B5}.AppStore|iPhone.Build.0 = AppStore|iPhone
		{838E3226-4020-4B90-A20E-0166CB9B65B5}.AppStore|iPhone.Deploy.0 = AppStore|iPhone
		{838E3226-4020-4B90-A20E-0166CB9B65B5}.AppStore|iPhoneSimulator.ActiveCfg = AppStore|iPhoneSimulator
		{838E3226-4020-4B90-A20E-0166CB9B65B5}.AppStore|iPhoneSimulator.Build.0 = AppStore|iPhoneSimulator
		{838E3226-4020-4B90-A20E-0166CB9B65B5}.AppStore|iPhoneSimulator.Deploy.0 = AppStore|iPhoneSimulator
		{838E3226-4020-4B90-A20E-0166CB9B65B5}.Debug|Any CPU.ActiveCfg = Debug|iPhoneSimulator
		{838E3226-4020-4B90-A20E-0166CB9B65B5}.Debug|Any CPU.Build.0 = Debug|iPhoneSimulator
		{838E3226-4020-4B90-A20E-0166CB9B65B5}.Debug|Any CPU.Deploy.0 = Debug|iPhoneSimulator
		{838E3226-4020-4B90-A20E-0166CB9B65B5}.Debug|iPhone.ActiveCfg = Debug|iPhone
		{838E3226-4020-4B90-A20E-0166CB9B65B5}.Debug|iPhone.Build.0 = Debug|iPhone
		{838E3226-4020-4B90-A20E-0166CB9B65B5}.Debug|iPhone.Deploy.0 = Debug|iPhone
		{838E3226-4020-4B90-A20E-0166CB9B65B5}.Debug|iPhoneSimulator.ActiveCfg = Debug|iPhoneSimulator
		{838E3226-4020-4B90-A20E-0166CB9B65B5}.Debug|iPhoneSimulator.Build.0 = Debug|iPhoneSimulator
		{838E3226-4020-4B90-A20E-0166CB9B65B5}.Debug|iPhoneSimulator.Deploy.0 = Debug|iPhoneSimulator
		{838E3226-4020-4B90-A20E-0166CB9B65B5}.Release|Any CPU.ActiveCfg = Release|iPhone
		{838E3226-4020-4B90-A20E-0166CB9B65B5}.Release|Any CPU.Build.0 = Release|iPhone
		{838E3226-4020-4B90-A20E-0166CB9B65B5}.Release|Any CPU.Deploy.0 = Release|iPhone
		{838E3226-4020-4B90-A20E-0166CB9B65B5}.Release|iPhone.ActiveCfg = Release|iPhone
		{838E3226-4020-4B90-A20E-0166CB9B65B5}.Release|iPhone.Build.0 = Release|iPhone
		{838E3226-4020-4B90-A20E-0166CB9B65B5}.Release|iPhone.Deploy.0 = Release|iPhone
		{838E3226-4020-4B90-A20E-0166CB9B65B5}.Release|iPhoneSimulator.ActiveCfg = Release|iPhoneSimulator
		{838E3226-4020-4B90-A20E-0166CB9B65B5}.Release|iPhoneSimulator.Build.0 = Release|iPhoneSimulator
		{838E3226-4020-4B90-A20E-0166CB9B65B5}.Release|iPhoneSimulator.Deploy.0 = Release|iPhoneSimulator
		{36779A2B-18D9-4509-BAE5-01652A9D37E8}.Ad-Hoc|Any CPU.ActiveCfg = Debug|Any CPU
		{36779A2B-18D9-4509-BAE5-01652A9D37E8}.Ad-Hoc|Any CPU.Build.0 = Debug|Any CPU
		{36779A2B-18D9-4509-BAE5-01652A9D37E8}.Ad-Hoc|Any CPU.Deploy.0 = Debug|Any CPU
		{36779A2B-18D9-4509-BAE5-01652A9D37E8}.Ad-Hoc|iPhone.ActiveCfg = Debug|Any CPU
		{36779A2B-18D9-4509-BAE5-01652A9D37E8}.Ad-Hoc|iPhone.Build.0 = Debug|Any CPU
		{36779A2B-18D9-4509-BAE5-01652A9D37E8}.Ad-Hoc|iPhone.Deploy.0 = Debug|Any CPU
		{36779A2B-18D9-4509-BAE5-01652A9D37E8}.Ad-Hoc|iPhoneSimulator.ActiveCfg = Debug|Any CPU
		{36779A2B-18D9-4509-BAE5-01652A9D37E8}.Ad-Hoc|iPhoneSimulator.Build.0 = Debug|Any CPU
		{36779A2B-18D9-4509-BAE5-01652A9D37E8}.Ad-Hoc|iPhoneSimulator.Deploy.0 = Debug|Any CPU
		{36779A2B-18D9-4509-BAE5-01652A9D37E8}.AppStore|Any CPU.ActiveCfg = Debug|Any CPU
		{36779A2B-18D9-4509-BAE5-01652A9D37E8}.AppStore|Any CPU.Build.0 = Debug|Any CPU
		{36779A2B-18D9-4509-BAE5-01652A9D37E8}.AppStore|Any CPU.Deploy.0 = Debug|Any CPU
		{36779A2B-18D9-4509-BAE5-01652A9D37E8}.AppStore|iPhone.ActiveCfg = Debug|Any CPU
		{36779A2B-18D9-4509-BAE5-01652A9D37E8}.AppStore|iPhone.Build.0 = Debug|Any CPU
		{36779A2B-18D9-4509-BAE5-01652A9D37E8}.AppStore|iPhone.Deploy.0 = Debug|Any CPU
		{36779A2B-18D9-4509-BAE5-01652A9D37E8}.AppStore|iPhoneSimulator.ActiveCfg = Debug|Any CPU
		{36779A2B-18D9-4509-BAE5-01652A9D37E8}.AppStore|iPhoneSimulator.Build.0 = Debug|Any CPU
		{36779A2B-18D9-4509-BAE5-01652A9D37E8}.AppStore|iPhoneSimulator.Deploy.0 = Debug|Any CPU
		{36779A2B-18D9-4509-BAE5-01652A9D37E8}.Debug|Any CPU.ActiveCfg = Debug|Any CPU
		{36779A2B-18D9-4509-BAE5-01652A9D37E8}.Debug|Any CPU.Build.0 = Debug|Any CPU
		{36779A2B-18D9-4509-BAE5-01652A9D37E8}.Debug|Any CPU.Deploy.0 = Debug|Any CPU
		{36779A2B-18D9-4509-BAE5-01652A9D37E8}.Debug|iPhone.ActiveCfg = Debug|Any CPU
		{36779A2B-18D9-4509-BAE5-01652A9D37E8}.Debug|iPhone.Build.0 = Debug|Any CPU
		{36779A2B-18D9-4509-BAE5-01652A9D37E8}.Debug|iPhone.Deploy.0 = Debug|Any CPU
		{36779A2B-18D9-4509-BAE5-01652A9D37E8}.Debug|iPhoneSimulator.ActiveCfg = Debug|Any CPU
		{36779A2B-18D9-4509-BAE5-01652A9D37E8}.Debug|iPhoneSimulator.Build.0 = Debug|Any CPU
		{36779A2B-18D9-4509-BAE5-01652A9D37E8}.Debug|iPhoneSimulator.Deploy.0 = Debug|Any CPU
		{36779A2B-18D9-4509-BAE5-01652A9D37E8}.Release|Any CPU.ActiveCfg = Release|Any CPU
		{36779A2B-18D9-4509-BAE5-01652A9D37E8}.Release|Any CPU.Build.0 = Release|Any CPU
		{36779A2B-18D9-4509-BAE5-01652A9D37E8}.Release|Any CPU.Deploy.0 = Release|Any CPU
		{36779A2B-18D9-4509-BAE5-01652A9D37E8}.Release|iPhone.ActiveCfg = Release|Any CPU
		{36779A2B-18D9-4509-BAE5-01652A9D37E8}.Release|iPhone.Build.0 = Release|Any CPU
		{36779A2B-18D9-4509-BAE5-01652A9D37E8}.Release|iPhone.Deploy.0 = Release|Any CPU
		{36779A2B-18D9-4509-BAE5-01652A9D37E8}.Release|iPhoneSimulator.ActiveCfg = Release|Any CPU
		{36779A2B-18D9-4509-BAE5-01652A9D37E8}.Release|iPhoneSimulator.Build.0 = Release|Any CPU
		{36779A2B-18D9-4509-BAE5-01652A9D37E8}.Release|iPhoneSimulator.Deploy.0 = Release|Any CPU
		{D49D50CB-1ECB-4E76-81FE-0B205DDAE0DD}.Ad-Hoc|Any CPU.ActiveCfg = Debug|Any CPU
		{D49D50CB-1ECB-4E76-81FE-0B205DDAE0DD}.Ad-Hoc|Any CPU.Build.0 = Debug|Any CPU
		{D49D50CB-1ECB-4E76-81FE-0B205DDAE0DD}.Ad-Hoc|iPhone.ActiveCfg = Debug|Any CPU
		{D49D50CB-1ECB-4E76-81FE-0B205DDAE0DD}.Ad-Hoc|iPhone.Build.0 = Debug|Any CPU
		{D49D50CB-1ECB-4E76-81FE-0B205DDAE0DD}.Ad-Hoc|iPhoneSimulator.ActiveCfg = Debug|Any CPU
		{D49D50CB-1ECB-4E76-81FE-0B205DDAE0DD}.Ad-Hoc|iPhoneSimulator.Build.0 = Debug|Any CPU
		{D49D50CB-1ECB-4E76-81FE-0B205DDAE0DD}.AppStore|Any CPU.ActiveCfg = Debug|Any CPU
		{D49D50CB-1ECB-4E76-81FE-0B205DDAE0DD}.AppStore|Any CPU.Build.0 = Debug|Any CPU
		{D49D50CB-1ECB-4E76-81FE-0B205DDAE0DD}.AppStore|iPhone.ActiveCfg = Debug|Any CPU
		{D49D50CB-1ECB-4E76-81FE-0B205DDAE0DD}.AppStore|iPhone.Build.0 = Debug|Any CPU
		{D49D50CB-1ECB-4E76-81FE-0B205DDAE0DD}.AppStore|iPhoneSimulator.ActiveCfg = Debug|Any CPU
		{D49D50CB-1ECB-4E76-81FE-0B205DDAE0DD}.AppStore|iPhoneSimulator.Build.0 = Debug|Any CPU
		{D49D50CB-1ECB-4E76-81FE-0B205DDAE0DD}.Debug|Any CPU.ActiveCfg = Debug|Any CPU
		{D49D50CB-1ECB-4E76-81FE-0B205DDAE0DD}.Debug|Any CPU.Build.0 = Debug|Any CPU
		{D49D50CB-1ECB-4E76-81FE-0B205DDAE0DD}.Debug|iPhone.ActiveCfg = Debug|Any CPU
		{D49D50CB-1ECB-4E76-81FE-0B205DDAE0DD}.Debug|iPhone.Build.0 = Debug|Any CPU
		{D49D50CB-1ECB-4E76-81FE-0B205DDAE0DD}.Debug|iPhoneSimulator.ActiveCfg = Debug|Any CPU
		{D49D50CB-1ECB-4E76-81FE-0B205DDAE0DD}.Debug|iPhoneSimulator.Build.0 = Debug|Any CPU
		{D49D50CB-1ECB-4E76-81FE-0B205DDAE0DD}.Release|Any CPU.ActiveCfg = Release|Any CPU
		{D49D50CB-1ECB-4E76-81FE-0B205DDAE0DD}.Release|Any CPU.Build.0 = Release|Any CPU
		{D49D50CB-1ECB-4E76-81FE-0B205DDAE0DD}.Release|iPhone.ActiveCfg = Release|Any CPU
		{D49D50CB-1ECB-4E76-81FE-0B205DDAE0DD}.Release|iPhone.Build.0 = Release|Any CPU
		{D49D50CB-1ECB-4E76-81FE-0B205DDAE0DD}.Release|iPhoneSimulator.ActiveCfg = Release|Any CPU
		{D49D50CB-1ECB-4E76-81FE-0B205DDAE0DD}.Release|iPhoneSimulator.Build.0 = Release|Any CPU
	EndGlobalSection
	GlobalSection(SolutionProperties) = preSolution
		HideSolutionNode = FALSE
	EndGlobalSection
	GlobalSection(ExtensibilityGlobals) = postSolution
		SolutionGuid = {962871EB-2E61-4232-B83F-AACBFA431404}
	EndGlobalSection
	GlobalSection(MonoDevelopProperties) = preSolution
		Policies = $0
		$0.DotNetNamingPolicy = $1
		$1.DirectoryNamespaceAssociation = PrefixedHierarchical
		$0.VersionControlPolicy = $2
	EndGlobalSection
EndGlobal
